
Microsoft Visual Studio Solution File, Format Version 12.00
# Visual Studio 15
VisualStudioVersion = 15.0.28307.136
MinimumVisualStudioVersion = 10.0.40219.1
Project("{FAE04EC0-301F-11D3-BF4B-00C04F79EFBC}") = "Blazor-Parallax", "Blazor-Parallax\Blazor-Parallax.csproj", "{B7066638-61A0-47C6-8863-8ACFD4934DD8}"
EndProject
Global
	GlobalSection(SolutionConfigurationPlatforms) = preSolution
		Debug|Any CPU = Debug|Any CPU
		Release|Any CPU = Release|Any CPU
	EndGlobalSection
	GlobalSection(ProjectConfigurationPlatforms) = postSolution
		{B7066638-61A0-47C6-8863-8ACFD4934DD8}.Debug|Any CPU.ActiveCfg = Debug|Any CPU
		{B7066638-61A0-47C6-8863-8ACFD4934DD8}.Debug|Any CPU.Build.0 = Debug|Any CPU
		{B7066638-61A0-47C6-8863-8ACFD4934DD8}.Release|Any CPU.ActiveCfg = Release|Any CPU
		{B7066638-61A0-47C6-8863-8ACFD4934DD8}.Release|Any CPU.Build.0 = Release|Any CPU
	EndGlobalSection
	GlobalSection(SolutionProperties) = preSolution
		HideSolutionNode = FALSE
	EndGlobalSection
	GlobalSection(ExtensibilityGlobals) = postSolution
		SolutionGuid = {AF69CF25-E5C5-491A-8C7C-BAAE8601C2E5}
	EndGlobalSection
EndGlobal
